// !$*UTF8*$!
{
	archiveVersion = 1;
	classes = {
	};
	objectVersion = 50;
	objects = {

/* Begin PBXBuildFile section */
		1412F7D221D8C33100CB8C54 /* AppDelegate.swift in Sources */ = {isa = PBXBuildFile; fileRef = 1412F7D121D8C33100CB8C54 /* AppDelegate.swift */; };
		1412F7D421D8C33100CB8C54 /* StetchyHeaderControllerController.swift in Sources */ = {isa = PBXBuildFile; fileRef = 1412F7D321D8C33100CB8C54 /* StetchyHeaderControllerController.swift */; };
		1412F7D721D8C33100CB8C54 /* Main.storyboard in Resources */ = {isa = PBXBuildFile; fileRef = 1412F7D521D8C33100CB8C54 /* Main.storyboard */; };
		1412F7D921D8C33D00CB8C54 /* Assets.xcassets in Resources */ = {isa = PBXBuildFile; fileRef = 1412F7D821D8C33D00CB8C54 /* Assets.xcassets */; };
		1412F7DC21D8C33D00CB8C54 /* LaunchScreen.storyboard in Resources */ = {isa = PBXBuildFile; fileRef = 1412F7DA21D8C33D00CB8C54 /* LaunchScreen.storyboard */; };
		1412F7E421D8C5D300CB8C54 /* HeaderView.swift in Sources */ = {isa = PBXBuildFile; fileRef = 1412F7E321D8C5D300CB8C54 /* HeaderView.swift */; };
		1412F7E621D8CA8600CB8C54 /* UIView+Extension.swift in Sources */ = {isa = PBXBuildFile; fileRef = 1412F7E521D8CA8500CB8C54 /* UIView+Extension.swift */; };
/* End PBXBuildFile section */

/* Begin PBXFileReference section */
		1412F7CE21D8C33100CB8C54 /* StretchyHeaderCollectionView.app */ = {isa = PBXFileReference; explicitFileType = wrapper.application; includeInIndex = 0; path = StretchyHeaderCollectionView.app; sourceTree = BUILT_PRODUCTS_DIR; };
		1412F7D121D8C33100CB8C54 /* AppDelegate.swift */ = {isa = PBXFileReference; lastKnownFileType = sourcecode.swift; path = AppDelegate.swift; sourceTree = "<group>"; };
		1412F7D321D8C33100CB8C54 /* StetchyHeaderControllerController.swift */ = {isa = PBXFileReference; lastKnownFileType = sourcecode.swift; path = StetchyHeaderControllerController.swift; sourceTree = "<group>"; };
		1412F7D621D8C33100CB8C54 /* Base */ = {isa = PBXFileReference; lastKnownFileType = file.storyboard; name = Base; path = Base.lproj/Main.storyboard; sourceTree = "<group>"; };
		1412F7D821D8C33D00CB8C54 /* Assets.xcassets */ = {isa = PBXFileReference; lastKnownFileType = folder.assetcatalog; path = Assets.xcassets; sourceTree = "<group>"; };
		1412F7DB21D8C33D00CB8C54 /* Base */ = {isa = PBXFileReference; lastKnownFileType = file.storyboard; name = Base; path = Base.lproj/LaunchScreen.storyboard; sourceTree = "<group>"; };
		1412F7DD21D8C33D00CB8C54 /* Info.plist */ = {isa = PBXFileReference; lastKnownFileType = text.plist.xml; path = Info.plist; sourceTree = "<group>"; };
		1412F7E321D8C5D300CB8C54 /* HeaderView.swift */ = {isa = PBXFileReference; lastKnownFileType = sourcecode.swift; path = HeaderView.swift; sourceTree = "<group>"; };
		1412F7E521D8CA8500CB8C54 /* UIView+Extension.swift */ = {isa = PBXFileReference; fileEncoding = 4; lastKnownFileType = sourcecode.swift; path = "UIView+Extension.swift"; sourceTree = "<group>"; };
/* End PBXFileReference section */

/* Begin PBXFrameworksBuildPhase section */
		1412F7CB21D8C33100CB8C54 /* Frameworks */ = {
			isa = PBXFrameworksBuildPhase;
			buildActionMask = 2147483647;
			files = (
			);
			runOnlyForDeploymentPostprocessing = 0;
		};
/* End PBXFrameworksBuildPhase section */

/* Begin PBXGroup section */
		1412F7C521D8C33100CB8C54 = {
			isa = PBXGroup;
			children = (
				1412F7D021D8C33100CB8C54 /* StretchyHeaderCollectionView */,
				1412F7CF21D8C33100CB8C54 /* Products */,
			);
			sourceTree = "<group>";
		};
		1412F7CF21D8C33100CB8C54 /* Products */ = {
			isa = PBXGroup;
			children = (
				1412F7CE21D8C33100CB8C54 /* StretchyHeaderCollectionView.app */,
			);
			name = Products;
			sourceTree = "<group>";
		};
		1412F7D021D8C33100CB8C54 /* StretchyHeaderCollectionView */ = {
			isa = PBXGroup;
			children = (
				1412F7D121D8C33100CB8C54 /* AppDelegate.swift */,
				1412F7D321D8C33100CB8C54 /* StetchyHeaderControllerController.swift */,
				1412F7E321D8C5D300CB8C54 /* HeaderView.swift */,
				1412F7E521D8CA8500CB8C54 /* UIView+Extension.swift */,
				1412F7D521D8C33100CB8C54 /* Main.storyboard */,
				1412F7D821D8C33D00CB8C54 /* Assets.xcassets */,
				1412F7DA21D8C33D00CB8C54 /* LaunchScreen.storyboard */,
				1412F7DD21D8C33D00CB8C54 /* Info.plist */,
			);
			path = StretchyHeaderCollectionView;
			sourceTree = "<group>";
		};
/* End PBXGroup section */

/* Begin PBXNativeTarget section */
		1412F7CD21D8C33100CB8C54 /* StretchyHeaderCollectionView */ = {
			isa = PBXNativeTarget;
			buildConfigurationList = 1412F7E021D8C33D00CB8C54 /* Build configuration list for PBXNativeTarget "StretchyHeaderCollectionView" */;
			buildPhases = (
				1412F7CA21D8C33100CB8C54 /* Sources */,
				1412F7CB21D8C33100CB8C54 /* Frameworks */,
				1412F7CC21D8C33100CB8C54 /* Resources */,
			);
			buildRules = (
			);
			dependencies = (
			);
			name = StretchyHeaderCollectionView;
			productName = StretchyHeaderCollectionView;
			productReference = 1412F7CE21D8C33100CB8C54 /* StretchyHeaderCollectionView.app */;
			productType = "com.apple.product-type.application";
		};
/* End PBXNativeTarget section */

/* Begin PBXProject section */
		1412F7C621D8C33100CB8C54 /* Project object */ = {
			isa = PBXProject;
			attributes = {
				LastSwiftUpdateCheck = 1010;
				LastUpgradeCheck = 1010;
				ORGANIZATIONNAME = SEAN;
				TargetAttributes = {
					1412F7CD21D8C33100CB8C54 = {
						CreatedOnToolsVersion = 10.1;
					};
				};
			};
			buildConfigurationList = 1412F7C921D8C33100CB8C54 /* Build configuration list for PBXProject "StretchyHeaderCollectionView" */;
			compatibilityVersion = "Xcode 9.3";
			developmentRegion = en;
			hasScannedForEncodings = 0;
			knownRegions = (
				en,
				Base,
			);
			mainGroup = 1412F7C521D8C33100CB8C54;
			productRefGroup = 1412F7CF21D8C33100CB8C54 /* Products */;
			projectDirPath = "";
			projectRoot = "";
			targets = (
				1412F7CD21D8C33100CB8C54 /* StretchyHeaderCollectionView */,
			);
		};
/* End PBXProject section */

/* Begin PBXResourcesBuildPhase section */
		1412F7CC21D8C33100CB8C54 /* Resources */ = {
			isa = PBXResourcesBuildPhase;
			buildActionMask = 2147483647;
			files = (
				1412F7DC21D8C33D00CB8C54 /* LaunchScreen.storyboard in Resources */,
				1412F7D921D8C33D00CB8C54 /* Assets.xcassets in Resources */,
				1412F7D721D8C33100CB8C54 /* Main.storyboard in Resources */,
			);
			runOnlyForDeploymentPostprocessing = 0;
		};
/* End PBXResourcesBuildPhase section */

/* Begin PBXSourcesBuildPhase section */
		1412F7CA21D8C33100CB8C54 /* Sources */ = {
			isa = PBXSourcesBuildPhase;
			buildActionMask = 2147483647;
			files = (
				1412F7D421D8C33100CB8C54 /* StetchyHeaderControllerController.swift in Sources */,
				1412F7E421D8C5D300CB8C54 /* HeaderView.swift in Sources */,
				1412F7E621D8CA8600CB8C54 /* UIView+Extension.swift in Sources */,
				1412F7D221D8C33100CB8C54 /* AppDelegate.swift in Sources */,
			);
			runOnlyForDeploymentPostprocessing = 0;
		};
/* End PBXSourcesBuildPhase section */

/* Begin PBXVariantGroup section */
		1412F7D521D8C33100CB8C54 /* Main.storyboard */ = {
			isa = PBXVariantGroup;
			children = (
				1412F7D621D8C33100CB8C54 /* Base */,
			);
			name = Main.storyboard;
			sourceTree = "<group>";
		};
		1412F7DA21D8C33D00CB8C54 /* LaunchScreen.storyboard */ = {
			isa = PBXVariantGroup;
			children = (
				1412F7DB21D8C33D00CB8C54 /* Base */,
			);
			name = LaunchScreen.storyboard;
			sourceTree = "<group>";
		};
/* End PBXVariantGroup section */

/* Begin XCBuildConfiguration section */
		1412F7DE21D8C33D00CB8C54 /* Debug */ = {
			isa = XCBuildConfiguration;
			buildSettings = {
				ALWAYS_SEARCH_USER_PATHS = NO;
				CLANG_ANALYZER_NONNULL = YES;
				CLANG_ANALYZER_NUMBER_OBJECT_CONVERSION = YES_AGGRESSIVE;
				CLANG_CXX_LANGUAGE_STANDARD = "gnu++14";
				CLANG_CXX_LIBRARY = "libc++";
				CLANG_ENABLE_MODULES = YES;
				CLANG_ENABLE_OBJC_ARC = YES;
				CLANG_ENABLE_OBJC_WEAK = YES;
				CLANG_WARN_BLOCK_CAPTURE_AUTORELEASING = YES;
				CLANG_WARN_BOOL_CONVERSION = YES;
				CLANG_WARN_COMMA = YES;
				CLANG_WARN_CONSTANT_CONVERSION = YES;
				CLANG_WARN_DEPRECATED_OBJC_IMPLEMENTATIONS = YES;
				CLANG_WARN_DIRECT_OBJC_ISA_USAGE = YES_ERROR;
				CLANG_WARN_DOCUMENTATION_COMMENTS = YES;
				CLANG_WARN_EMPTY_BODY = YES;
				CLANG_WARN_ENUM_CONVERSION = YES;
				CLANG_WARN_INFINITE_RECURSION = YES;
				CLANG_WARN_INT_CONVERSION = YES;
				CLANG_WARN_NON_LITERAL_NULL_CONVERSION = YES;
				CLANG_WARN_OBJC_IMPLICIT_RETAIN_SELF = YES;
				CLANG_WARN_OBJC_LITERAL_CONVERSION = YES;
				CLANG_WARN_OBJC_ROOT_CLASS = YES_ERROR;
				CLANG_WARN_RANGE_LOOP_ANALYSIS = YES;
				CLANG_WARN_STRICT_PROTOTYPES = YES;
				CLANG_WARN_SUSPICIOUS_MOVE = YES;
				CLANG_WARN_UNGUARDED_AVAILABILITY = YES_AGGRESSIVE;
				CLANG_WARN_UNREACHABLE_CODE = YES;
				CLANG_WARN__DUPLICATE_METHOD_MATCH = YES;
				CODE_SIGN_IDENTITY = "iPhone Developer";
				COPY_PHASE_STRIP = NO;
				DEBUG_INFORMATION_FORMAT = dwarf;
				ENABLE_STRICT_OBJC_MSGSEND = YES;
				ENABLE_TESTABILITY = YES;
				GCC_C_LANGUAGE_STANDARD = gnu11;
				GCC_DYNAMIC_NO_PIC = NO;
				GCC_NO_COMMON_BLOCKS = YES;
				GCC_OPTIMIZATION_LEVEL = 0;
				GCC_PREPROCESSOR_DEFINITIONS = (
					"DEBUG=1",
					"$(inherited)",
				);
				GCC_WARN_64_TO_32_BIT_CONVERSION = YES;
				GCC_WARN_ABOUT_RETURN_TYPE = YES_ERROR;
				GCC_WARN_UNDECLARED_SELECTOR = YES;
				GCC_WARN_UNINITIALIZED_AUTOS = YES_AGGRESSIVE;
				GCC_WARN_UNUSED_FUNCTION = YES;
				GCC_WARN_UNUSED_VARIABLE = YES;
				IPHONEOS_DEPLOYMENT_TARGET = 12.1;
				MTL_ENABLE_DEBUG_INFO = INCLUDE_SOURCE;
				MTL_FAST_MATH = YES;
				ONLY_ACTIVE_ARCH = YES;
				SDKROOT = iphoneos;
				SWIFT_ACTIVE_COMPILATION_CONDITIONS = DEBUG;
				SWIFT_OPTIMIZATION_LEVEL = "-Onone";
			};
			name = Debug;
		};
		1412F7DF21D8C33D00CB8C54 /* Release */ = {
			isa = XCBuildConfiguration;
			buildSettings = {
				ALWAYS_SEARCH_USER_PATHS = NO;
				CLANG_ANALYZER_NONNULL = YES;
				CLANG_ANALYZER_NUMBER_OBJECT_CONVERSION = YES_AGGRESSIVE;
				CLANG_CXX_LANGUAGE_STANDARD = "gnu++14";
				CLANG_CXX_LIBRARY = "libc++";
				CLANG_ENABLE_MODULES = YES;
				CLANG_ENABLE_OBJC_ARC = YES;
				CLANG_ENABLE_OBJC_WEAK = YES;
				CLANG_WARN_BLOCK_CAPTURE_AUTORELEASING = YES;
				CLANG_WARN_BOOL_CONVERSION = YES;
				CLANG_WARN_COMMA = YES;
				CLANG_WARN_CONSTANT_CONVERSION = YES;
				CLANG_WARN_DEPRECATED_OBJC_IMPLEMENTATIONS = YES;
				CLANG_WARN_DIRECT_OBJC_ISA_USAGE = YES_ERROR;
				CLANG_WARN_DOCUMENTATION_COMMENTS = YES;
				CLANG_WARN_EMPTY_BODY = YES;
				CLANG_WARN_ENUM_CONVERSION = YES;
				CLANG_WARN_INFINITE_RECURSION = YES;
				CLANG_WARN_INT_CONVERSION = YES;
				CLANG_WARN_NON_LITERAL_NULL_CONVERSION = YES;
				CLANG_WARN_OBJC_IMPLICIT_RETAIN_SELF = YES;
				CLANG_WARN_OBJC_LITERAL_CONVERSION = YES;
				CLANG_WARN_OBJC_ROOT_CLASS = YES_ERROR;
				CLANG_WARN_RANGE_LOOP_ANALYSIS = YES;
				CLANG_WARN_STRICT_PROTOTYPES = YES;
				CLANG_WARN_SUSPICIOUS_MOVE = YES;
				CLANG_WARN_UNGUARDED_AVAILABILITY = YES_AGGRESSIVE;
				CLANG_WARN_UNREACHABLE_CODE = YES;
				CLANG_WARN__DUPLICATE_METHOD_MATCH = YES;
				CODE_SIGN_IDENTITY = "iPhone Developer";
				COPY_PHASE_STRIP = NO;
				DEBUG_INFORMATION_FORMAT = "dwarf-with-dsym";
				ENABLE_NS_ASSERTIONS = NO;
				ENABLE_STRICT_OBJC_MSGSEND = YES;
				GCC_C_LANGUAGE_STANDARD = gnu11;
				GCC_NO_COMMON_BLOCKS = YES;
				GCC_WARN_64_TO_32_BIT_CONVERSION = YES;
				GCC_WARN_ABOUT_RETURN_TYPE = YES_ERROR;
				GCC_WARN_UNDECLARED_SELECTOR = YES;
				GCC_WARN_UNINITIALIZED_AUTOS = YES_AGGRESSIVE;
				GCC_WARN_UNUSED_FUNCTION = YES;
				GCC_WARN_UNUSED_VARIABLE = YES;
				IPHONEOS_DEPLOYMENT_TARGET = 12.1;
				MTL_ENABLE_DEBUG_INFO = NO;
				MTL_FAST_MATH = YES;
				SDKROOT = iphoneos;
				SWIFT_COMPILATION_MODE = wholemodule;
				SWIFT_OPTIMIZATION_LEVEL = "-O";
				VALIDATE_PRODUCT = YES;
			};
			name = Release;
		};
		1412F7E121D8C33D00CB8C54 /* Debug */ = {
			isa = XCBuildConfiguration;
			buildSettings = {
				ASSETCATALOG_COMPILER_APPICON_NAME = AppIcon;
				CODE_SIGN_STYLE = Automatic;
				DEVELOPMENT_TEAM = 3C8CYW7DN6;
				INFOPLIST_FILE = StretchyHeaderCollectionView/Info.plist;
				LD_RUNPATH_SEARCH_PATHS = (
					"$(inherited)",
					"@executable_path/Frameworks",
				);
				PRODUCT_BUNDLE_IDENTIFIER = seanlin.StretchyHeaderCollectionView;
				PRODUCT_NAME = "$(TARGET_NAME)";
				SWIFT_VERSION = 4.2;
				TARGETED_DEVICE_FAMILY = "1,2";
			};
			name = Debug;
		};
		1412F7E221D8C33D00CB8C54 /* Release */ = {
			isa = XCBuildConfiguration;
			buildSettings = {
				ASSETCATALOG_COMPILER_APPICON_NAME = AppIcon;
				CODE_SIGN_STYLE = Automatic;
				DEVELOPMENT_TEAM = 3C8CYW7DN6;
				INFOPLIST_FILE = StretchyHeaderCollectionView/Info.plist;
				LD_RUNPATH_SEARCH_PATHS = (
					"$(inherited)",
					"@executable_path/Frameworks",
				);
				PRODUCT_BUNDLE_IDENTIFIER = seanlin.StretchyHeaderCollectionView;
				PRODUCT_NAME = "$(TARGET_NAME)";
				SWIFT_VERSION = 4.2;
				TARGETED_DEVICE_FAMILY = "1,2";
			};
			name = Release;
		};
/* End XCBuildConfiguration section */

/* Begin XCConfigurationList section */
		1412F7C921D8C33100CB8C54 /* Build configuration list for PBXProject "StretchyHeaderCollectionView" */ = {
			isa = XCConfigurationList;
			buildConfigurations = (
				1412F7DE21D8C33D00CB8C54 /* Debug */,
				1412F7DF21D8C33D00CB8C54 /* Release */,
			);
			defaultConfigurationIsVisible = 0;
			defaultConfigurationName = Release;
		};
		1412F7E021D8C33D00CB8C54 /* Build configuration list for PBXNativeTarget "StretchyHeaderCollectionView" */ = {
			isa = XCConfigurationList;
			buildConfigurations = (
				1412F7E121D8C33D00CB8C54 /* Debug */,
				1412F7E221D8C33D00CB8C54 /* Release */,
			);
			defaultConfigurationIsVisible = 0;
			defaultConfigurationName = Release;
		};
/* End XCConfigurationList section */
	};
	rootObject = 1412F7C621D8C33100CB8C54 /* Project object */;
}
